
Microsoft Visual Studio Solution File, Format Version 12.00
Project("{FAE04EC0-301F-11D3-BF4B-00C04F79EFBC}") = "BYT_3", "BYT_3\BYT_3.csproj", "{5EA8F372-5F60-4FFF-ABC6-C9122B724FDC}"
EndProject
Project("{FAE04EC0-301F-11D3-BF4B-00C04F79EFBC}") = "TestProject1", "TestProject1\TestProject1.csproj", "{3B0F3363-4376-4830-9266-866A885D21E9}"
EndProject
Global
	GlobalSection(SolutionConfigurationPlatforms) = preSolution
		Debug|Any CPU = Debug|Any CPU
		Release|Any CPU = Release|Any CPU
	EndGlobalSection
	GlobalSection(ProjectConfigurationPlatforms) = postSolution
		{5EA8F372-5F60-4FFF-ABC6-C9122B724FDC}.Debug|Any CPU.ActiveCfg = Debug|Any CPU
		{5EA8F372-5F60-4FFF-ABC6-C9122B724FDC}.Debug|Any CPU.Build.0 = Debug|Any CPU
		{5EA8F372-5F60-4FFF-ABC6-C9122B724FDC}.Release|Any CPU.ActiveCfg = Release|Any CPU
		{5EA8F372-5F60-4FFF-ABC6-C9122B724FDC}.Release|Any CPU.Build.0 = Release|Any CPU
		{3B0F3363-4376-4830-9266-866A885D21E9}.Debug|Any CPU.ActiveCfg = Debug|Any CPU
		{3B0F3363-4376-4830-9266-866A885D21E9}.Debug|Any CPU.Build.0 = Debug|Any CPU
		{3B0F3363-4376-4830-9266-866A885D21E9}.Release|Any CPU.ActiveCfg = Release|Any CPU
		{3B0F3363-4376-4830-9266-866A885D21E9}.Release|Any CPU.Build.0 = Release|Any CPU
	EndGlobalSection
EndGlobal
